{
    "version": 3,
    "terraform_version": "0.9.11",
    "serial": 5,
    "lineage": "310981f6-47bb-4e2e-8542-afb0132aad9f",
    "modules": [
        {
            "path": [
                "root"
            ],
            "outputs": {},
            "resources": {},
            "depends_on": []
        },
        {
            "path": [
                "root",
                "instances"
            ],
            "outputs": {},
            "resources": {},
            "depends_on": []
        },
        {
            "path": [
                "root",
                "networking"
            ],
            "outputs": {
                "default_public_subnets": {
                    "sensitive": false,
                    "type": "string",
                    "value": "subnet-a70417c0,subnet-9dbc96d4,subnet-85e750de"
                },
                "igw_id": {
                    "sensitive": false,
                    "type": "string",
                    "value": "igw-9d74c6fa"
                },
                "sg_ssh": {
                    "sensitive": false,
                    "type": "string",
                    "value": "sg-bdce1bc7"
                },
                "vpc_id": {
                    "sensitive": false,
                    "type": "string",
                    "value": "vpc-1637f170"
                }
            },
            "resources": {
                "aws_security_group.ssh": {
                    "type": "aws_security_group",
                    "depends_on": [
                        "aws_vpc.vpc"
                    ],
                    "primary": {
                        "id": "sg-bdce1bc7",
                        "attributes": {
                            "description": "SSH Security group",
                            "egress.#": "1",
                            "egress.482069346.cidr_blocks.#": "1",
                            "egress.482069346.cidr_blocks.0": "0.0.0.0/0",
                            "egress.482069346.from_port": "0",
                            "egress.482069346.ipv6_cidr_blocks.#": "0",
                            "egress.482069346.prefix_list_ids.#": "0",
                            "egress.482069346.protocol": "-1",
                            "egress.482069346.security_groups.#": "0",
                            "egress.482069346.self": "false",
                            "egress.482069346.to_port": "0",
                            "id": "sg-bdce1bc7",
                            "ingress.#": "1",
                            "ingress.179083333.cidr_blocks.#": "1",
                            "ingress.179083333.cidr_blocks.0": "10.0.0.0/8",
                            "ingress.179083333.from_port": "22",
                            "ingress.179083333.ipv6_cidr_blocks.#": "0",
                            "ingress.179083333.protocol": "tcp",
                            "ingress.179083333.security_groups.#": "0",
                            "ingress.179083333.self": "false",
                            "ingress.179083333.to_port": "22",
                            "name": "OPS-SSH",
                            "owner_id": "201035249631",
                            "tags.%": "3",
                            "tags.Name": "OPS-SSH",
                            "tags.env": "ops",
                            "tags.managed": "Terraform",
                            "vpc_id": "vpc-1637f170"
                        },
                        "meta": {},
                        "tainted": false
                    },
                    "deposed": [],
                    "provider": ""
                },
                "aws_subnet.default_public.2": {
                    "type": "aws_subnet",
                    "depends_on": [
                        "aws_vpc.vpc"
                    ],
                    "primary": {
                        "id": "subnet-85e750de",
                        "attributes": {
                            "assign_ipv6_address_on_creation": "false",
                            "availability_zone": "us-west-2c",
                            "cidr_block": "10.1.52.0/24",
                            "id": "subnet-85e750de",
                            "map_public_ip_on_launch": "false",
                            "tags.%": "3",
                            "tags.Name": "OPS-DEFAULT-C-PUBLIC",
                            "tags.env": "ops",
                            "tags.managed": "Terraform",
                            "vpc_id": "vpc-1637f170"
                        },
                        "meta": {
                            "schema_version": "1"
                        },
                        "tainted": false
                    },
                    "deposed": [],
                    "provider": ""
                },
                "aws_vpc.vpc": {
                    "type": "aws_vpc",
                    "depends_on": [],
                    "primary": {
                        "id": "vpc-1637f170",
                        "attributes": {
                            "assign_generated_ipv6_cidr_block": "false",
                            "cidr_block": "10.1.0.0/16",
                            "default_network_acl_id": "acl-2b9c124d",
                            "default_route_table_id": "rtb-f2357b94",
                            "default_security_group_id": "sg-22cf1a58",
                            "dhcp_options_id": "dopt-eee1d189",
                            "enable_classiclink": "false",
                            "enable_dns_hostnames": "true",
                            "enable_dns_support": "true",
                            "id": "vpc-1637f170",
                            "instance_tenancy": "default",
                            "main_route_table_id": "rtb-f2357b94",
                            "tags.%": "3",
                            "tags.Name": "OPS-TF",
                            "tags.env": "ops",
                            "tags.managed": "Terraform"
                        },
                        "meta": {
                            "schema_version": "1"
                        },
                        "tainted": false
                    },
                    "deposed": [],
                    "provider": ""
                }
            },
            "depends_on": []
        }
    ]
}
